// !$*UTF8*$!
{
	archiveVersion = 1;
	classes = {
	};
	objectVersion = 55;
	objects = {

/* Begin PBXBuildFile section */
		1891AA76295EA1C700644EC9 /* StudentFile.swift in Sources */ = {isa = PBXBuildFile; fileRef = 1891AA75295EA1C700644EC9 /* StudentFile.swift */; };
		1891AA78295EA30100644EC9 /* CollegeViewController.swift in Sources */ = {isa = PBXBuildFile; fileRef = 1891AA77295EA30100644EC9 /* CollegeViewController.swift */; };
		1891AA7A295EA5FA00644EC9 /* CollegeFile.swift in Sources */ = {isa = PBXBuildFile; fileRef = 1891AA79295EA5FA00644EC9 /* CollegeFile.swift */; };
		1891AA7C295EA65100644EC9 /* FinalResultViewController.swift in Sources */ = {isa = PBXBuildFile; fileRef = 1891AA7B295EA65100644EC9 /* FinalResultViewController.swift */; };
		18ADFE532956D34500B20917 /* AppDelegate.swift in Sources */ = {isa = PBXBuildFile; fileRef = 18ADFE522956D34500B20917 /* AppDelegate.swift */; };
		18ADFE552956D34500B20917 /* SceneDelegate.swift in Sources */ = {isa = PBXBuildFile; fileRef = 18ADFE542956D34500B20917 /* SceneDelegate.swift */; };
		18ADFE572956D34500B20917 /* ViewController.swift in Sources */ = {isa = PBXBuildFile; fileRef = 18ADFE562956D34500B20917 /* ViewController.swift */; };
		18ADFE5A2956D34500B20917 /* Main.storyboard in Resources */ = {isa = PBXBuildFile; fileRef = 18ADFE582956D34500B20917 /* Main.storyboard */; };
		18ADFE5C2956D34600B20917 /* Assets.xcassets in Resources */ = {isa = PBXBuildFile; fileRef = 18ADFE5B2956D34600B20917 /* Assets.xcassets */; };
		18ADFE5F2956D34600B20917 /* LaunchScreen.storyboard in Resources */ = {isa = PBXBuildFile; fileRef = 18ADFE5D2956D34600B20917 /* LaunchScreen.storyboard */; };
/* End PBXBuildFile section */

/* Begin PBXFileReference section */
		1891AA75295EA1C700644EC9 /* StudentFile.swift */ = {isa = PBXFileReference; lastKnownFileType = sourcecode.swift; path = StudentFile.swift; sourceTree = "<group>"; };
		1891AA77295EA30100644EC9 /* CollegeViewController.swift */ = {isa = PBXFileReference; lastKnownFileType = sourcecode.swift; path = CollegeViewController.swift; sourceTree = "<group>"; };
		1891AA79295EA5FA00644EC9 /* CollegeFile.swift */ = {isa = PBXFileReference; lastKnownFileType = sourcecode.swift; path = CollegeFile.swift; sourceTree = "<group>"; };
		1891AA7B295EA65100644EC9 /* FinalResultViewController.swift */ = {isa = PBXFileReference; lastKnownFileType = sourcecode.swift; path = FinalResultViewController.swift; sourceTree = "<group>"; };
		18ADFE4F2956D34500B20917 /* CollegeAddmission.app */ = {isa = PBXFileReference; explicitFileType = wrapper.application; includeInIndex = 0; path = CollegeAddmission.app; sourceTree = BUILT_PRODUCTS_DIR; };
		18ADFE522956D34500B20917 /* AppDelegate.swift */ = {isa = PBXFileReference; lastKnownFileType = sourcecode.swift; path = AppDelegate.swift; sourceTree = "<group>"; };
		18ADFE542956D34500B20917 /* SceneDelegate.swift */ = {isa = PBXFileReference; lastKnownFileType = sourcecode.swift; path = SceneDelegate.swift; sourceTree = "<group>"; };
		18ADFE562956D34500B20917 /* ViewController.swift */ = {isa = PBXFileReference; lastKnownFileType = sourcecode.swift; path = ViewController.swift; sourceTree = "<group>"; };
		18ADFE592956D34500B20917 /* Base */ = {isa = PBXFileReference; lastKnownFileType = file.storyboard; name = Base; path = Base.lproj/Main.storyboard; sourceTree = "<group>"; };
		18ADFE5B2956D34600B20917 /* Assets.xcassets */ = {isa = PBXFileReference; lastKnownFileType = folder.assetcatalog; path = Assets.xcassets; sourceTree = "<group>"; };
		18ADFE5E2956D34600B20917 /* Base */ = {isa = PBXFileReference; lastKnownFileType = file.storyboard; name = Base; path = Base.lproj/LaunchScreen.storyboard; sourceTree = "<group>"; };
		18ADFE602956D34600B20917 /* Info.plist */ = {isa = PBXFileReference; lastKnownFileType = text.plist.xml; path = Info.plist; sourceTree = "<group>"; };
/* End PBXFileReference section */

/* Begin PBXFrameworksBuildPhase section */
		18ADFE4C2956D34500B20917 /* Frameworks */ = {
			isa = PBXFrameworksBuildPhase;
			buildActionMask = 2147483647;
			files = (
			);
			runOnlyForDeploymentPostprocessing = 0;
		};
/* End PBXFrameworksBuildPhase section */

/* Begin PBXGroup section */
		18ADFE462956D34500B20917 = {
			isa = PBXGroup;
			children = (
				18ADFE512956D34500B20917 /* CollegeAddmission */,
				18ADFE502956D34500B20917 /* Products */,
			);
			sourceTree = "<group>";
		};
		18ADFE502956D34500B20917 /* Products */ = {
			isa = PBXGroup;
			children = (
				18ADFE4F2956D34500B20917 /* CollegeAddmission.app */,
			);
			name = Products;
			sourceTree = "<group>";
		};
		18ADFE512956D34500B20917 /* CollegeAddmission */ = {
			isa = PBXGroup;
			children = (
				18ADFE522956D34500B20917 /* AppDelegate.swift */,
				18ADFE542956D34500B20917 /* SceneDelegate.swift */,
				18ADFE562956D34500B20917 /* ViewController.swift */,
				1891AA75295EA1C700644EC9 /* StudentFile.swift */,
				1891AA77295EA30100644EC9 /* CollegeViewController.swift */,
				1891AA79295EA5FA00644EC9 /* CollegeFile.swift */,
				1891AA7B295EA65100644EC9 /* FinalResultViewController.swift */,
				18ADFE582956D34500B20917 /* Main.storyboard */,
				18ADFE5B2956D34600B20917 /* Assets.xcassets */,
				18ADFE5D2956D34600B20917 /* LaunchScreen.storyboard */,
				18ADFE602956D34600B20917 /* Info.plist */,
			);
			path = CollegeAddmission;
			sourceTree = "<group>";
		};
/* End PBXGroup section */

/* Begin PBXNativeTarget section */
		18ADFE4E2956D34500B20917 /* CollegeAddmission */ = {
			isa = PBXNativeTarget;
			buildConfigurationList = 18ADFE632956D34600B20917 /* Build configuration list for PBXNativeTarget "CollegeAddmission" */;
			buildPhases = (
				18ADFE4B2956D34500B20917 /* Sources */,
				18ADFE4C2956D34500B20917 /* Frameworks */,
				18ADFE4D2956D34500B20917 /* Resources */,
			);
			buildRules = (
			);
			dependencies = (
			);
			name = CollegeAddmission;
			productName = CollegeAddmission;
			productReference = 18ADFE4F2956D34500B20917 /* CollegeAddmission.app */;
			productType = "com.apple.product-type.application";
		};
/* End PBXNativeTarget section */

/* Begin PBXProject section */
		18ADFE472956D34500B20917 /* Project object */ = {
			isa = PBXProject;
			attributes = {
				BuildIndependentTargetsInParallel = 1;
				LastSwiftUpdateCheck = 1320;
				LastUpgradeCheck = 1320;
				TargetAttributes = {
					18ADFE4E2956D34500B20917 = {
						CreatedOnToolsVersion = 13.2.1;
					};
				};
			};
			buildConfigurationList = 18ADFE4A2956D34500B20917 /* Build configuration list for PBXProject "CollegeAddmission" */;
			compatibilityVersion = "Xcode 13.0";
			developmentRegion = en;
			hasScannedForEncodings = 0;
			knownRegions = (
				en,
				Base,
			);
			mainGroup = 18ADFE462956D34500B20917;
			productRefGroup = 18ADFE502956D34500B20917 /* Products */;
			projectDirPath = "";
			projectRoot = "";
			targets = (
				18ADFE4E2956D34500B20917 /* CollegeAddmission */,
			);
		};
/* End PBXProject section */

/* Begin PBXResourcesBuildPhase section */
		18ADFE4D2956D34500B20917 /* Resources */ = {
			isa = PBXResourcesBuildPhase;
			buildActionMask = 2147483647;
			files = (
				18ADFE5F2956D34600B20917 /* LaunchScreen.storyboard in Resources */,
				18ADFE5C2956D34600B20917 /* Assets.xcassets in Resources */,
				18ADFE5A2956D34500B20917 /* Main.storyboard in Resources */,
			);
			runOnlyForDeploymentPostprocessing = 0;
		};
/* End PBXResourcesBuildPhase section */

/* Begin PBXSourcesBuildPhase section */
		18ADFE4B2956D34500B20917 /* Sources */ = {
			isa = PBXSourcesBuildPhase;
			buildActionMask = 2147483647;
			files = (
				18ADFE572956D34500B20917 /* ViewController.swift in Sources */,
				18ADFE532956D34500B20917 /* AppDelegate.swift in Sources */,
				18ADFE552956D34500B20917 /* SceneDelegate.swift in Sources */,
				1891AA7C295EA65100644EC9 /* FinalResultViewController.swift in Sources */,
				1891AA7A295EA5FA00644EC9 /* CollegeFile.swift in Sources */,
				1891AA78295EA30100644EC9 /* CollegeViewController.swift in Sources */,
				1891AA76295EA1C700644EC9 /* StudentFile.swift in Sources */,
			);
			runOnlyForDeploymentPostprocessing = 0;
		};
/* End PBXSourcesBuildPhase section */

/* Begin PBXVariantGroup section */
		18ADFE582956D34500B20917 /* Main.storyboard */ = {
			isa = PBXVariantGroup;
			children = (
				18ADFE592956D34500B20917 /* Base */,
			);
			name = Main.storyboard;
			sourceTree = "<group>";
		};
		18ADFE5D2956D34600B20917 /* LaunchScreen.storyboard */ = {
			isa = PBXVariantGroup;
			children = (
				18ADFE5E2956D34600B20917 /* Base */,
			);
			name = LaunchScreen.storyboard;
			sourceTree = "<group>";
		};
/* End PBXVariantGroup section */

/* Begin XCBuildConfiguration section */
		18ADFE612956D34600B20917 /* Debug */ = {
			isa = XCBuildConfiguration;
			buildSettings = {
				ALWAYS_SEARCH_USER_PATHS = NO;
				CLANG_ANALYZER_NONNULL = YES;
				CLANG_ANALYZER_NUMBER_OBJECT_CONVERSION = YES_AGGRESSIVE;
				CLANG_CXX_LANGUAGE_STANDARD = "gnu++17";
				CLANG_CXX_LIBRARY = "libc++";
				CLANG_ENABLE_MODULES = YES;
				CLANG_ENABLE_OBJC_ARC = YES;
				CLANG_ENABLE_OBJC_WEAK = YES;
				CLANG_WARN_BLOCK_CAPTURE_AUTORELEASING = YES;
				CLANG_WARN_BOOL_CONVERSION = YES;
				CLANG_WARN_COMMA = YES;
				CLANG_WARN_CONSTANT_CONVERSION = YES;
				CLANG_WARN_DEPRECATED_OBJC_IMPLEMENTATIONS = YES;
				CLANG_WARN_DIRECT_OBJC_ISA_USAGE = YES_ERROR;
				CLANG_WARN_DOCUMENTATION_COMMENTS = YES;
				CLANG_WARN_EMPTY_BODY = YES;
				CLANG_WARN_ENUM_CONVERSION = YES;
				CLANG_WARN_INFINITE_RECURSION = YES;
				CLANG_WARN_INT_CONVERSION = YES;
				CLANG_WARN_NON_LITERAL_NULL_CONVERSION = YES;
				CLANG_WARN_OBJC_IMPLICIT_RETAIN_SELF = YES;
				CLANG_WARN_OBJC_LITERAL_CONVERSION = YES;
				CLANG_WARN_OBJC_ROOT_CLASS = YES_ERROR;
				CLANG_WARN_QUOTED_INCLUDE_IN_FRAMEWORK_HEADER = YES;
				CLANG_WARN_RANGE_LOOP_ANALYSIS = YES;
				CLANG_WARN_STRICT_PROTOTYPES = YES;
				CLANG_WARN_SUSPICIOUS_MOVE = YES;
				CLANG_WARN_UNGUARDED_AVAILABILITY = YES_AGGRESSIVE;
				CLANG_WARN_UNREACHABLE_CODE = YES;
				CLANG_WARN__DUPLICATE_METHOD_MATCH = YES;
				COPY_PHASE_STRIP = NO;
				DEBUG_INFORMATION_FORMAT = dwarf;
				ENABLE_STRICT_OBJC_MSGSEND = YES;
				ENABLE_TESTABILITY = YES;
				GCC_C_LANGUAGE_STANDARD = gnu11;
				GCC_DYNAMIC_NO_PIC = NO;
				GCC_NO_COMMON_BLOCKS = YES;
				GCC_OPTIMIZATION_LEVEL = 0;
				GCC_PREPROCESSOR_DEFINITIONS = (
					"DEBUG=1",
					"$(inherited)",
				);
				GCC_WARN_64_TO_32_BIT_CONVERSION = YES;
				GCC_WARN_ABOUT_RETURN_TYPE = YES_ERROR;
				GCC_WARN_UNDECLARED_SELECTOR = YES;
				GCC_WARN_UNINITIALIZED_AUTOS = YES_AGGRESSIVE;
				GCC_WARN_UNUSED_FUNCTION = YES;
				GCC_WARN_UNUSED_VARIABLE = YES;
				IPHONEOS_DEPLOYMENT_TARGET = 15.2;
				MTL_ENABLE_DEBUG_INFO = INCLUDE_SOURCE;
				MTL_FAST_MATH = YES;
				ONLY_ACTIVE_ARCH = YES;
				SDKROOT = iphoneos;
				SWIFT_ACTIVE_COMPILATION_CONDITIONS = DEBUG;
				SWIFT_OPTIMIZATION_LEVEL = "-Onone";
			};
			name = Debug;
		};
		18ADFE622956D34600B20917 /* Release */ = {
			isa = XCBuildConfiguration;
			buildSettings = {
				ALWAYS_SEARCH_USER_PATHS = NO;
				CLANG_ANALYZER_NONNULL = YES;
				CLANG_ANALYZER_NUMBER_OBJECT_CONVERSION = YES_AGGRESSIVE;
				CLANG_CXX_LANGUAGE_STANDARD = "gnu++17";
				CLANG_CXX_LIBRARY = "libc++";
				CLANG_ENABLE_MODULES = YES;
				CLANG_ENABLE_OBJC_ARC = YES;
				CLANG_ENABLE_OBJC_WEAK = YES;
				CLANG_WARN_BLOCK_CAPTURE_AUTORELEASING = YES;
				CLANG_WARN_BOOL_CONVERSION = YES;
				CLANG_WARN_COMMA = YES;
				CLANG_WARN_CONSTANT_CONVERSION = YES;
				CLANG_WARN_DEPRECATED_OBJC_IMPLEMENTATIONS = YES;
				CLANG_WARN_DIRECT_OBJC_ISA_USAGE = YES_ERROR;
				CLANG_WARN_DOCUMENTATION_COMMENTS = YES;
				CLANG_WARN_EMPTY_BODY = YES;
				CLANG_WARN_ENUM_CONVERSION = YES;
				CLANG_WARN_INFINITE_RECURSION = YES;
				CLANG_WARN_INT_CONVERSION = YES;
				CLANG_WARN_NON_LITERAL_NULL_CONVERSION = YES;
				CLANG_WARN_OBJC_IMPLICIT_RETAIN_SELF = YES;
				CLANG_WARN_OBJC_LITERAL_CONVERSION = YES;
				CLANG_WARN_OBJC_ROOT_CLASS = YES_ERROR;
				CLANG_WARN_QUOTED_INCLUDE_IN_FRAMEWORK_HEADER = YES;
				CLANG_WARN_RANGE_LOOP_ANALYSIS = YES;
				CLANG_WARN_STRICT_PROTOTYPES = YES;
				CLANG_WARN_SUSPICIOUS_MOVE = YES;
				CLANG_WARN_UNGUARDED_AVAILABILITY = YES_AGGRESSIVE;
				CLANG_WARN_UNREACHABLE_CODE = YES;
				CLANG_WARN__DUPLICATE_METHOD_MATCH = YES;
				COPY_PHASE_STRIP = NO;
				DEBUG_INFORMATION_FORMAT = "dwarf-with-dsym";
				ENABLE_NS_ASSERTIONS = NO;
				ENABLE_STRICT_OBJC_MSGSEND = YES;
				GCC_C_LANGUAGE_STANDARD = gnu11;
				GCC_NO_COMMON_BLOCKS = YES;
				GCC_WARN_64_TO_32_BIT_CONVERSION = YES;
				GCC_WARN_ABOUT_RETURN_TYPE = YES_ERROR;
				GCC_WARN_UNDECLARED_SELECTOR = YES;
				GCC_WARN_UNINITIALIZED_AUTOS = YES_AGGRESSIVE;
				GCC_WARN_UNUSED_FUNCTION = YES;
				GCC_WARN_UNUSED_VARIABLE = YES;
				IPHONEOS_DEPLOYMENT_TARGET = 15.2;
				MTL_ENABLE_DEBUG_INFO = NO;
				MTL_FAST_MATH = YES;
				SDKROOT = iphoneos;
				SWIFT_COMPILATION_MODE = wholemodule;
				SWIFT_OPTIMIZATION_LEVEL = "-O";
				VALIDATE_PRODUCT = YES;
			};
			name = Release;
		};
		18ADFE642956D34600B20917 /* Debug */ = {
			isa = XCBuildConfiguration;
			buildSettings = {
				ASSETCATALOG_COMPILER_APPICON_NAME = AppIcon;
				ASSETCATALOG_COMPILER_GLOBAL_ACCENT_COLOR_NAME = AccentColor;
				CODE_SIGN_STYLE = Automatic;
				CURRENT_PROJECT_VERSION = 1;
				GENERATE_INFOPLIST_FILE = YES;
				INFOPLIST_FILE = CollegeAddmission/Info.plist;
				INFOPLIST_KEY_UIApplicationSupportsIndirectInputEvents = YES;
				INFOPLIST_KEY_UILaunchStoryboardName = LaunchScreen;
				INFOPLIST_KEY_UIMainStoryboardFile = Main;
				INFOPLIST_KEY_UISupportedInterfaceOrientations_iPad = "UIInterfaceOrientationPortrait UIInterfaceOrientationPortraitUpsideDown UIInterfaceOrientationLandscapeLeft UIInterfaceOrientationLandscapeRight";
				INFOPLIST_KEY_UISupportedInterfaceOrientations_iPhone = "UIInterfaceOrientationPortrait UIInterfaceOrientationLandscapeLeft UIInterfaceOrientationLandscapeRight";
				LD_RUNPATH_SEARCH_PATHS = (
					"$(inherited)",
					"@executable_path/Frameworks",
				);
				MARKETING_VERSION = 1.0;
				PRODUCT_BUNDLE_IDENTIFIER = com.forloop.CollegeAddmission;
				PRODUCT_NAME = "$(TARGET_NAME)";
				SWIFT_EMIT_LOC_STRINGS = YES;
				SWIFT_VERSION = 5.0;
				TARGETED_DEVICE_FAMILY = "1,2";
			};
			name = Debug;
		};
		18ADFE652956D34600B20917 /* Release */ = {
			isa = XCBuildConfiguration;
			buildSettings = {
				ASSETCATALOG_COMPILER_APPICON_NAME = AppIcon;
				ASSETCATALOG_COMPILER_GLOBAL_ACCENT_COLOR_NAME = AccentColor;
				CODE_SIGN_STYLE = Automatic;
				CURRENT_PROJECT_VERSION = 1;
				GENERATE_INFOPLIST_FILE = YES;
				INFOPLIST_FILE = CollegeAddmission/Info.plist;
				INFOPLIST_KEY_UIApplicationSupportsIndirectInputEvents = YES;
				INFOPLIST_KEY_UILaunchStoryboardName = LaunchScreen;
				INFOPLIST_KEY_UIMainStoryboardFile = Main;
				INFOPLIST_KEY_UISupportedInterfaceOrientations_iPad = "UIInterfaceOrientationPortrait UIInterfaceOrientationPortraitUpsideDown UIInterfaceOrientationLandscapeLeft UIInterfaceOrientationLandscapeRight";
				INFOPLIST_KEY_UISupportedInterfaceOrientations_iPhone = "UIInterfaceOrientationPortrait UIInterfaceOrientationLandscapeLeft UIInterfaceOrientationLandscapeRight";
				LD_RUNPATH_SEARCH_PATHS = (
					"$(inherited)",
					"@executable_path/Frameworks",
				);
				MARKETING_VERSION = 1.0;
				PRODUCT_BUNDLE_IDENTIFIER = com.forloop.CollegeAddmission;
				PRODUCT_NAME = "$(TARGET_NAME)";
				SWIFT_EMIT_LOC_STRINGS = YES;
				SWIFT_VERSION = 5.0;
				TARGETED_DEVICE_FAMILY = "1,2";
			};
			name = Release;
		};
/* End XCBuildConfiguration section */

/* Begin XCConfigurationList section */
		18ADFE4A2956D34500B20917 /* Build configuration list for PBXProject "CollegeAddmission" */ = {
			isa = XCConfigurationList;
			buildConfigurations = (
				18ADFE612956D34600B20917 /* Debug */,
				18ADFE622956D34600B20917 /* Release */,
			);
			defaultConfigurationIsVisible = 0;
			defaultConfigurationName = Release;
		};
		18ADFE632956D34600B20917 /* Build configuration list for PBXNativeTarget "CollegeAddmission" */ = {
			isa = XCConfigurationList;
			buildConfigurations = (
				18ADFE642956D34600B20917 /* Debug */,
				18ADFE652956D34600B20917 /* Release */,
			);
			defaultConfigurationIsVisible = 0;
			defaultConfigurationName = Release;
		};
/* End XCConfigurationList section */
	};
	rootObject = 18ADFE472956D34500B20917 /* Project object */;
}
